<Solution Description="Visual Studio slnx file generated by Premake" Version="1.4">
  <Configurations>
    <BuildType Name="Debug" />
    <BuildType Name="Develop" />
    <BuildType Name="Release" />
    <Platform Name="x64" />
  </Configurations>
  <Project Path="AOENGINE.vcxproj" Id="2BB142E0-177E-9DEB-4097-8B932CC3D279" DefaultStartup="true">
    <BuildDependency Project="Externals\DirectXTex\DirectXTex_Desktop_2022_Win10.vcxproj" />
    <BuildDependency Project="Externals\ImGui\ImGui.vcxproj" />
  </Project>
  <Project Path="Externals\DirectXTex\DirectXTex_Desktop_2022_Win10.vcxproj" Id="A90EE592-95C6-26E0-FECD-FF3BEAA4C1D0">
    <BuildType Solution="Debug|*" Project="Debug" />
    <BuildType Solution="Develop|*" Project="Release" />
    <BuildType Solution="Release|*" Project="Release" />
  </Project>
  <Project Path="Externals\ImGui\ImGui.vcxproj" Id="C0FF640D-2C14-8DBE-F595-301E616989EF">
    <BuildType Solution="Debug|*" Project="Debug" />
    <BuildType Solution="Develop|*" Project="Release" />
    <BuildType Solution="Release|*" Project="Release" />
  </Project>
</Solution>